
Microsoft Visual Studio Solution File, Format Version 12.00
# Visual Studio 15
VisualStudioVersion = 15.0.28010.2046
MinimumVisualStudioVersion = 10.0.40219.1
Project("{FAE04EC0-301F-11D3-BF4B-00C04F79EFBC}") = "Server", "Server\Server.csproj", "{0BDF8AF1-B2AC-46C9-AD4C-A9FED91A66ED}"
EndProject
Project("{FAE04EC0-301F-11D3-BF4B-00C04F79EFBC}") = "Client", "Client\Client.csproj", "{31B3626F-69ED-4E49-985E-157DC78E9B8C}"
EndProject
Global
	GlobalSection(SolutionConfigurationPlatforms) = preSolution
		Debug|Any CPU = Debug|Any CPU
		Release|Any CPU = Release|Any CPU
	EndGlobalSection
	GlobalSection(ProjectConfigurationPlatforms) = postSolution
		{0BDF8AF1-B2AC-46C9-AD4C-A9FED91A66ED}.Debug|Any CPU.ActiveCfg = Debug|Any CPU
		{0BDF8AF1-B2AC-46C9-AD4C-A9FED91A66ED}.Debug|Any CPU.Build.0 = Debug|Any CPU
		{0BDF8AF1-B2AC-46C9-AD4C-A9FED91A66ED}.Release|Any CPU.ActiveCfg = Release|Any CPU
		{0BDF8AF1-B2AC-46C9-AD4C-A9FED91A66ED}.Release|Any CPU.Build.0 = Release|Any CPU
		{31B3626F-69ED-4E49-985E-157DC78E9B8C}.Debug|Any CPU.ActiveCfg = Debug|Any CPU
		{31B3626F-69ED-4E49-985E-157DC78E9B8C}.Debug|Any CPU.Build.0 = Debug|Any CPU
		{31B3626F-69ED-4E49-985E-157DC78E9B8C}.Release|Any CPU.ActiveCfg = Release|Any CPU
		{31B3626F-69ED-4E49-985E-157DC78E9B8C}.Release|Any CPU.Build.0 = Release|Any CPU
	EndGlobalSection
	GlobalSection(SolutionProperties) = preSolution
		HideSolutionNode = FALSE
	EndGlobalSection
	GlobalSection(ExtensibilityGlobals) = postSolution
		SolutionGuid = {DAE4253B-3C8B-4D8C-833D-D34D2DBDD5A0}
	EndGlobalSection
EndGlobal
